
Microsoft Visual Studio Solution File, Format Version 12.00
# Visual Studio Version 17
VisualStudioVersion = 17.2.32616.157
MinimumVisualStudioVersion = 10.0.40219.1
Project("{2150E333-8FDC-42A3-9474-1A3956D46DE8}") = "test", "test", "{4D748DF5-52F3-40CB-83AE-DC938E984A51}"
EndProject
Project("{FAE04EC0-301F-11D3-BF4B-00C04F79EFBC}") = "PlayMusic.AspNetCore.Mvc.Tests", "test\PlayMusic.AspNetCore.Mvc.Tests\PlayMusic.AspNetCore.Mvc.Tests.csproj", "{696D83B7-1A45-4168-B6B4-09000695A2F3}"
EndProject
Project("{FAE04EC0-301F-11D3-BF4B-00C04F79EFBC}") = "PlayMusic.AspNetCore.Mvc", "src\PlayMusic.AspNetCore.Mvc\PlayMusic.AspNetCore.Mvc.csproj", "{54AC6459-F739-4FA3-A397-3CDB1F86785E}"
EndProject
Global
	GlobalSection(SolutionConfigurationPlatforms) = preSolution
		Debug|Any CPU = Debug|Any CPU
		Release|Any CPU = Release|Any CPU
	EndGlobalSection
	GlobalSection(ProjectConfigurationPlatforms) = postSolution
		{696D83B7-1A45-4168-B6B4-09000695A2F3}.Debug|Any CPU.ActiveCfg = Debug|Any CPU
		{696D83B7-1A45-4168-B6B4-09000695A2F3}.Debug|Any CPU.Build.0 = Debug|Any CPU
		{696D83B7-1A45-4168-B6B4-09000695A2F3}.Release|Any CPU.ActiveCfg = Release|Any CPU
		{696D83B7-1A45-4168-B6B4-09000695A2F3}.Release|Any CPU.Build.0 = Release|Any CPU
		{54AC6459-F739-4FA3-A397-3CDB1F86785E}.Debug|Any CPU.ActiveCfg = Debug|Any CPU
		{54AC6459-F739-4FA3-A397-3CDB1F86785E}.Debug|Any CPU.Build.0 = Debug|Any CPU
		{54AC6459-F739-4FA3-A397-3CDB1F86785E}.Release|Any CPU.ActiveCfg = Release|Any CPU
		{54AC6459-F739-4FA3-A397-3CDB1F86785E}.Release|Any CPU.Build.0 = Release|Any CPU
	EndGlobalSection
	GlobalSection(SolutionProperties) = preSolution
		HideSolutionNode = FALSE
	EndGlobalSection
	GlobalSection(NestedProjects) = preSolution
		{696D83B7-1A45-4168-B6B4-09000695A2F3} = {4D748DF5-52F3-40CB-83AE-DC938E984A51}
	EndGlobalSection
	GlobalSection(ExtensibilityGlobals) = postSolution
		SolutionGuid = {8783787A-88D0-430D-BDE0-98DAA9CFDC74}
	EndGlobalSection
EndGlobal
